
Microsoft Visual Studio Solution File, Format Version 12.00
# Visual Studio Version 17
VisualStudioVersion = 17.0.32112.339
MinimumVisualStudioVersion = 10.0.40219.1
Project("{2150E333-8FDC-42A3-9474-1A3956D46DE8}") = "M001-Einfuehrung", "M001-Einfuehrung", "{80519370-BDA1-4AA1-BEDB-0D64AC78B4B0}"
EndProject
Project("{9A19103F-16F7-4668-BE54-9A1E7A4F7556}") = "M001-Einfuehrung", "M001-Einfuehrung\M001-Einfuehrung.csproj", "{1B758757-1CB1-4234-91C5-2887319493CA}"
EndProject
Project("{2150E333-8FDC-42A3-9474-1A3956D46DE8}") = "M002-VariablenKonvertierung", "M002-VariablenKonvertierung", "{AB236D18-25CA-4EEC-A677-9F621F32FC3A}"
EndProject
Project("{9A19103F-16F7-4668-BE54-9A1E7A4F7556}") = "M002_VariablenKonvertierung", "M002_VariablenKonvertierung\M002_VariablenKonvertierung.csproj", "{A1CB2061-61D5-4B3F-B218-779082CEFCFE}"
EndProject
Project("{2150E333-8FDC-42A3-9474-1A3956D46DE8}") = "M003-ArraysIf", "M003-ArraysIf", "{58164AA8-0747-4C07-9C5F-56D79E3D6F3D}"
EndProject
Project("{9A19103F-16F7-4668-BE54-9A1E7A4F7556}") = "M003-ArraysIf", "M003-ArraysIf\M003-ArraysIf.csproj", "{43D33E3F-F4CE-4A1D-B92B-5028ACF0E300}"
EndProject
Project("{2150E333-8FDC-42A3-9474-1A3956D46DE8}") = "M004-SchleifenEnums", "M004-SchleifenEnums", "{26CC0547-E994-4828-B087-F63F0D685F06}"
EndProject
Project("{9A19103F-16F7-4668-BE54-9A1E7A4F7556}") = "M004_SchleifenEnums", "M004_SchleifenEnums\M004_SchleifenEnums.csproj", "{D2F75629-D694-4DCE-9AB8-D421A6CE5A7C}"
EndProject
Project("{2150E333-8FDC-42A3-9474-1A3956D46DE8}") = "M005_Funktionen", "M005_Funktionen", "{8FA2C4A5-EA3B-45BD-BC3D-85DEDFAA87D1}"
EndProject
Project("{9A19103F-16F7-4668-BE54-9A1E7A4F7556}") = "M005-Funktionen", "M005-Funktionen\M005-Funktionen.csproj", "{368E3BA3-BB99-47AF-9D2E-D638C9726B37}"
EndProject
Project("{2150E333-8FDC-42A3-9474-1A3956D46DE8}") = "M006-OOP", "M006-OOP", "{973C97AE-0066-4FD1-AF91-69CDBA28BEF3}"
EndProject
Project("{FAE04EC0-301F-11D3-BF4B-00C04F79EFBC}") = "M006-OOP", "M006-OOP\M006-OOP.csproj", "{27785843-8E4A-4D81-8339-BCC302A7CA76}"
EndProject
Global
	GlobalSection(SolutionConfigurationPlatforms) = preSolution
		Debug|Any CPU = Debug|Any CPU
		Release|Any CPU = Release|Any CPU
	EndGlobalSection
	GlobalSection(ProjectConfigurationPlatforms) = postSolution
		{1B758757-1CB1-4234-91C5-2887319493CA}.Debug|Any CPU.ActiveCfg = Debug|Any CPU
		{1B758757-1CB1-4234-91C5-2887319493CA}.Debug|Any CPU.Build.0 = Debug|Any CPU
		{1B758757-1CB1-4234-91C5-2887319493CA}.Release|Any CPU.ActiveCfg = Release|Any CPU
		{1B758757-1CB1-4234-91C5-2887319493CA}.Release|Any CPU.Build.0 = Release|Any CPU
		{A1CB2061-61D5-4B3F-B218-779082CEFCFE}.Debug|Any CPU.ActiveCfg = Debug|Any CPU
		{A1CB2061-61D5-4B3F-B218-779082CEFCFE}.Debug|Any CPU.Build.0 = Debug|Any CPU
		{A1CB2061-61D5-4B3F-B218-779082CEFCFE}.Release|Any CPU.ActiveCfg = Release|Any CPU
		{A1CB2061-61D5-4B3F-B218-779082CEFCFE}.Release|Any CPU.Build.0 = Release|Any CPU
		{43D33E3F-F4CE-4A1D-B92B-5028ACF0E300}.Debug|Any CPU.ActiveCfg = Debug|Any CPU
		{43D33E3F-F4CE-4A1D-B92B-5028ACF0E300}.Debug|Any CPU.Build.0 = Debug|Any CPU
		{43D33E3F-F4CE-4A1D-B92B-5028ACF0E300}.Release|Any CPU.ActiveCfg = Release|Any CPU
		{43D33E3F-F4CE-4A1D-B92B-5028ACF0E300}.Release|Any CPU.Build.0 = Release|Any CPU
		{D2F75629-D694-4DCE-9AB8-D421A6CE5A7C}.Debug|Any CPU.ActiveCfg = Debug|Any CPU
		{D2F75629-D694-4DCE-9AB8-D421A6CE5A7C}.Debug|Any CPU.Build.0 = Debug|Any CPU
		{D2F75629-D694-4DCE-9AB8-D421A6CE5A7C}.Release|Any CPU.ActiveCfg = Release|Any CPU
		{D2F75629-D694-4DCE-9AB8-D421A6CE5A7C}.Release|Any CPU.Build.0 = Release|Any CPU
		{368E3BA3-BB99-47AF-9D2E-D638C9726B37}.Debug|Any CPU.ActiveCfg = Debug|Any CPU
		{368E3BA3-BB99-47AF-9D2E-D638C9726B37}.Debug|Any CPU.Build.0 = Debug|Any CPU
		{368E3BA3-BB99-47AF-9D2E-D638C9726B37}.Release|Any CPU.ActiveCfg = Release|Any CPU
		{368E3BA3-BB99-47AF-9D2E-D638C9726B37}.Release|Any CPU.Build.0 = Release|Any CPU
		{27785843-8E4A-4D81-8339-BCC302A7CA76}.Debug|Any CPU.ActiveCfg = Debug|Any CPU
		{27785843-8E4A-4D81-8339-BCC302A7CA76}.Debug|Any CPU.Build.0 = Debug|Any CPU
		{27785843-8E4A-4D81-8339-BCC302A7CA76}.Release|Any CPU.ActiveCfg = Release|Any CPU
		{27785843-8E4A-4D81-8339-BCC302A7CA76}.Release|Any CPU.Build.0 = Release|Any CPU
	EndGlobalSection
	GlobalSection(SolutionProperties) = preSolution
		HideSolutionNode = FALSE
	EndGlobalSection
	GlobalSection(NestedProjects) = preSolution
		{1B758757-1CB1-4234-91C5-2887319493CA} = {80519370-BDA1-4AA1-BEDB-0D64AC78B4B0}
		{A1CB2061-61D5-4B3F-B218-779082CEFCFE} = {AB236D18-25CA-4EEC-A677-9F621F32FC3A}
		{43D33E3F-F4CE-4A1D-B92B-5028ACF0E300} = {58164AA8-0747-4C07-9C5F-56D79E3D6F3D}
		{D2F75629-D694-4DCE-9AB8-D421A6CE5A7C} = {26CC0547-E994-4828-B087-F63F0D685F06}
		{368E3BA3-BB99-47AF-9D2E-D638C9726B37} = {8FA2C4A5-EA3B-45BD-BC3D-85DEDFAA87D1}
		{27785843-8E4A-4D81-8339-BCC302A7CA76} = {973C97AE-0066-4FD1-AF91-69CDBA28BEF3}
	EndGlobalSection
	GlobalSection(ExtensibilityGlobals) = postSolution
		SolutionGuid = {E5537E06-9C21-44E4-B3D3-AE5F34656C2F}
	EndGlobalSection
EndGlobal
