
Microsoft Visual Studio Solution File, Format Version 12.00
# Visual Studio Version 17
VisualStudioVersion = 17.0.32112.339
MinimumVisualStudioVersion = 10.0.40219.1
Project("{2150E333-8FDC-42A3-9474-1A3956D46DE8}") = "M001-Einfuehrung", "M001-Einfuehrung", "{80519370-BDA1-4AA1-BEDB-0D64AC78B4B0}"
EndProject
Project("{9A19103F-16F7-4668-BE54-9A1E7A4F7556}") = "M001-Einfuehrung", "M001-Einfuehrung\M001-Einfuehrung.csproj", "{1B758757-1CB1-4234-91C5-2887319493CA}"
EndProject
Project("{2150E333-8FDC-42A3-9474-1A3956D46DE8}") = "M002-VariablenKonvertierung", "M002-VariablenKonvertierung", "{AB236D18-25CA-4EEC-A677-9F621F32FC3A}"
EndProject
Project("{9A19103F-16F7-4668-BE54-9A1E7A4F7556}") = "M002_VariablenKonvertierung", "M002_VariablenKonvertierung\M002_VariablenKonvertierung.csproj", "{A1CB2061-61D5-4B3F-B218-779082CEFCFE}"
EndProject
Project("{2150E333-8FDC-42A3-9474-1A3956D46DE8}") = "M003-ArraysIf", "M003-ArraysIf", "{58164AA8-0747-4C07-9C5F-56D79E3D6F3D}"
EndProject
Project("{9A19103F-16F7-4668-BE54-9A1E7A4F7556}") = "M003-ArraysIf", "M003-ArraysIf\M003-ArraysIf.csproj", "{43D33E3F-F4CE-4A1D-B92B-5028ACF0E300}"
EndProject
Project("{2150E333-8FDC-42A3-9474-1A3956D46DE8}") = "M004-SchleifenEnums", "M004-SchleifenEnums", "{26CC0547-E994-4828-B087-F63F0D685F06}"
EndProject
Project("{9A19103F-16F7-4668-BE54-9A1E7A4F7556}") = "M004_SchleifenEnums", "M004_SchleifenEnums\M004_SchleifenEnums.csproj", "{D2F75629-D694-4DCE-9AB8-D421A6CE5A7C}"
EndProject
Project("{2150E333-8FDC-42A3-9474-1A3956D46DE8}") = "M005_Funktionen", "M005_Funktionen", "{8FA2C4A5-EA3B-45BD-BC3D-85DEDFAA87D1}"
EndProject
Project("{9A19103F-16F7-4668-BE54-9A1E7A4F7556}") = "M005-Funktionen", "M005-Funktionen\M005-Funktionen.csproj", "{368E3BA3-BB99-47AF-9D2E-D638C9726B37}"
EndProject
Project("{2150E333-8FDC-42A3-9474-1A3956D46DE8}") = "M006-OOP", "M006-OOP", "{973C97AE-0066-4FD1-AF91-69CDBA28BEF3}"
EndProject
Project("{9A19103F-16F7-4668-BE54-9A1E7A4F7556}") = "M006-OOP", "M006-OOP\M006-OOP.csproj", "{27785843-8E4A-4D81-8339-BCC302A7CA76}"
EndProject
Project("{2150E333-8FDC-42A3-9474-1A3956D46DE8}") = "M007-GCStatic", "M007-GCStatic", "{F95181CE-2EB5-46C6-A4DB-F728DC9AEF55}"
EndProject
Project("{9A19103F-16F7-4668-BE54-9A1E7A4F7556}") = "M007_GCStatic", "M007_GCStatic\M007_GCStatic.csproj", "{06ACD1DE-E76A-4A97-B22A-E6AA5911A54E}"
EndProject
Project("{2150E333-8FDC-42A3-9474-1A3956D46DE8}") = "M008-Vererbung", "M008-Vererbung", "{73E5993C-F2D9-4755-A4B9-E900CA5FCDF5}"
EndProject
Project("{9A19103F-16F7-4668-BE54-9A1E7A4F7556}") = "M008-Vererbung", "M008-Vererbung\M008-Vererbung.csproj", "{C3A91BF1-D555-4844-B706-9A6BAEFD32F4}"
EndProject
Project("{2150E333-8FDC-42A3-9474-1A3956D46DE8}") = "M009-Polymorphismus", "M009-Polymorphismus", "{20042B3C-FFEB-4A70-A4C3-748D9030CF89}"
EndProject
Project("{9A19103F-16F7-4668-BE54-9A1E7A4F7556}") = "M009_Polymorphismus", "M009_Polymorphismus\M009_Polymorphismus.csproj", "{7E59AF3B-A697-4C89-8963-BC2028817A36}"
EndProject
Project("{2150E333-8FDC-42A3-9474-1A3956D46DE8}") = "M010-Interfaces", "M010-Interfaces", "{269E1FDF-A036-4A52-91F9-3CEB7FCAA57A}"
EndProject
Project("{9A19103F-16F7-4668-BE54-9A1E7A4F7556}") = "M010_Interfaces", "M010_Interfaces\M010_Interfaces.csproj", "{B01B5E24-F9A0-466F-95C7-ACDDEF9CA9FF}"
EndProject
Project("{2150E333-8FDC-42A3-9474-1A3956D46DE8}") = "Solution Items", "Solution Items", "{68FA491B-68CC-455C-B7D1-E8AA69DFF97D}"
	ProjectSection(SolutionItems) = preProject
		.editorconfig = .editorconfig
	EndProjectSection
EndProject
Project("{2150E333-8FDC-42A3-9474-1A3956D46DE8}") = "M011-GenerischeListen", "M011-GenerischeListen", "{C1116A59-B088-4FAA-88B7-09F95F86A210}"
EndProject
Project("{FAE04EC0-301F-11D3-BF4B-00C04F79EFBC}") = "M011_GenerischeListen", "M011_GenerischeListen\M011_GenerischeListen.csproj", "{BE3A33AF-CB85-4060-B8BB-AAD61E49BB5E}"
EndProject
Project("{2150E333-8FDC-42A3-9474-1A3956D46DE8}") = "M011-Linq", "M011-Linq", "{89638714-7832-4FC5-8CA2-E19F434DB3E9}"
EndProject
Project("{FAE04EC0-301F-11D3-BF4B-00C04F79EFBC}") = "M011_Linq", "M011_Linq\M011_Linq.csproj", "{F3105995-687C-4F60-B887-1FFF7295C512}"
EndProject
Project("{2150E333-8FDC-42A3-9474-1A3956D46DE8}") = "M012-Exceptions", "M012-Exceptions", "{D6C23791-ECC8-4496-84FA-ECC64A6D3137}"
EndProject
Project("{FAE04EC0-301F-11D3-BF4B-00C04F79EFBC}") = "M012_Exceptions", "M012_Exceptions\M012_Exceptions.csproj", "{A475CEBB-E2B6-4454-A06B-F951C337A499}"
EndProject
Project("{FAE04EC0-301F-11D3-BF4B-00C04F79EFBC}") = "UnitTests", "UnitTests\UnitTests.csproj", "{C2846121-4D6C-4EA9-9607-75A66B4667CA}"
EndProject
Global
	GlobalSection(SolutionConfigurationPlatforms) = preSolution
		Debug|Any CPU = Debug|Any CPU
		Release|Any CPU = Release|Any CPU
	EndGlobalSection
	GlobalSection(ProjectConfigurationPlatforms) = postSolution
		{1B758757-1CB1-4234-91C5-2887319493CA}.Debug|Any CPU.ActiveCfg = Debug|Any CPU
		{1B758757-1CB1-4234-91C5-2887319493CA}.Debug|Any CPU.Build.0 = Debug|Any CPU
		{1B758757-1CB1-4234-91C5-2887319493CA}.Release|Any CPU.ActiveCfg = Release|Any CPU
		{1B758757-1CB1-4234-91C5-2887319493CA}.Release|Any CPU.Build.0 = Release|Any CPU
		{A1CB2061-61D5-4B3F-B218-779082CEFCFE}.Debug|Any CPU.ActiveCfg = Debug|Any CPU
		{A1CB2061-61D5-4B3F-B218-779082CEFCFE}.Debug|Any CPU.Build.0 = Debug|Any CPU
		{A1CB2061-61D5-4B3F-B218-779082CEFCFE}.Release|Any CPU.ActiveCfg = Release|Any CPU
		{A1CB2061-61D5-4B3F-B218-779082CEFCFE}.Release|Any CPU.Build.0 = Release|Any CPU
		{43D33E3F-F4CE-4A1D-B92B-5028ACF0E300}.Debug|Any CPU.ActiveCfg = Debug|Any CPU
		{43D33E3F-F4CE-4A1D-B92B-5028ACF0E300}.Debug|Any CPU.Build.0 = Debug|Any CPU
		{43D33E3F-F4CE-4A1D-B92B-5028ACF0E300}.Release|Any CPU.ActiveCfg = Release|Any CPU
		{43D33E3F-F4CE-4A1D-B92B-5028ACF0E300}.Release|Any CPU.Build.0 = Release|Any CPU
		{D2F75629-D694-4DCE-9AB8-D421A6CE5A7C}.Debug|Any CPU.ActiveCfg = Debug|Any CPU
		{D2F75629-D694-4DCE-9AB8-D421A6CE5A7C}.Debug|Any CPU.Build.0 = Debug|Any CPU
		{D2F75629-D694-4DCE-9AB8-D421A6CE5A7C}.Release|Any CPU.ActiveCfg = Release|Any CPU
		{D2F75629-D694-4DCE-9AB8-D421A6CE5A7C}.Release|Any CPU.Build.0 = Release|Any CPU
		{368E3BA3-BB99-47AF-9D2E-D638C9726B37}.Debug|Any CPU.ActiveCfg = Debug|Any CPU
		{368E3BA3-BB99-47AF-9D2E-D638C9726B37}.Debug|Any CPU.Build.0 = Debug|Any CPU
		{368E3BA3-BB99-47AF-9D2E-D638C9726B37}.Release|Any CPU.ActiveCfg = Release|Any CPU
		{368E3BA3-BB99-47AF-9D2E-D638C9726B37}.Release|Any CPU.Build.0 = Release|Any CPU
		{27785843-8E4A-4D81-8339-BCC302A7CA76}.Debug|Any CPU.ActiveCfg = Debug|Any CPU
		{27785843-8E4A-4D81-8339-BCC302A7CA76}.Debug|Any CPU.Build.0 = Debug|Any CPU
		{27785843-8E4A-4D81-8339-BCC302A7CA76}.Release|Any CPU.ActiveCfg = Release|Any CPU
		{27785843-8E4A-4D81-8339-BCC302A7CA76}.Release|Any CPU.Build.0 = Release|Any CPU
		{06ACD1DE-E76A-4A97-B22A-E6AA5911A54E}.Debug|Any CPU.ActiveCfg = Debug|Any CPU
		{06ACD1DE-E76A-4A97-B22A-E6AA5911A54E}.Debug|Any CPU.Build.0 = Debug|Any CPU
		{06ACD1DE-E76A-4A97-B22A-E6AA5911A54E}.Release|Any CPU.ActiveCfg = Release|Any CPU
		{06ACD1DE-E76A-4A97-B22A-E6AA5911A54E}.Release|Any CPU.Build.0 = Release|Any CPU
		{C3A91BF1-D555-4844-B706-9A6BAEFD32F4}.Debug|Any CPU.ActiveCfg = Debug|Any CPU
		{C3A91BF1-D555-4844-B706-9A6BAEFD32F4}.Debug|Any CPU.Build.0 = Debug|Any CPU
		{C3A91BF1-D555-4844-B706-9A6BAEFD32F4}.Release|Any CPU.ActiveCfg = Release|Any CPU
		{C3A91BF1-D555-4844-B706-9A6BAEFD32F4}.Release|Any CPU.Build.0 = Release|Any CPU
		{7E59AF3B-A697-4C89-8963-BC2028817A36}.Debug|Any CPU.ActiveCfg = Debug|Any CPU
		{7E59AF3B-A697-4C89-8963-BC2028817A36}.Debug|Any CPU.Build.0 = Debug|Any CPU
		{7E59AF3B-A697-4C89-8963-BC2028817A36}.Release|Any CPU.ActiveCfg = Release|Any CPU
		{7E59AF3B-A697-4C89-8963-BC2028817A36}.Release|Any CPU.Build.0 = Release|Any CPU
		{B01B5E24-F9A0-466F-95C7-ACDDEF9CA9FF}.Debug|Any CPU.ActiveCfg = Debug|Any CPU
		{B01B5E24-F9A0-466F-95C7-ACDDEF9CA9FF}.Debug|Any CPU.Build.0 = Debug|Any CPU
		{B01B5E24-F9A0-466F-95C7-ACDDEF9CA9FF}.Release|Any CPU.ActiveCfg = Release|Any CPU
		{B01B5E24-F9A0-466F-95C7-ACDDEF9CA9FF}.Release|Any CPU.Build.0 = Release|Any CPU
		{BE3A33AF-CB85-4060-B8BB-AAD61E49BB5E}.Debug|Any CPU.ActiveCfg = Debug|Any CPU
		{BE3A33AF-CB85-4060-B8BB-AAD61E49BB5E}.Debug|Any CPU.Build.0 = Debug|Any CPU
		{BE3A33AF-CB85-4060-B8BB-AAD61E49BB5E}.Release|Any CPU.ActiveCfg = Release|Any CPU
		{BE3A33AF-CB85-4060-B8BB-AAD61E49BB5E}.Release|Any CPU.Build.0 = Release|Any CPU
		{F3105995-687C-4F60-B887-1FFF7295C512}.Debug|Any CPU.ActiveCfg = Debug|Any CPU
		{F3105995-687C-4F60-B887-1FFF7295C512}.Debug|Any CPU.Build.0 = Debug|Any CPU
		{F3105995-687C-4F60-B887-1FFF7295C512}.Release|Any CPU.ActiveCfg = Release|Any CPU
		{F3105995-687C-4F60-B887-1FFF7295C512}.Release|Any CPU.Build.0 = Release|Any CPU
		{A475CEBB-E2B6-4454-A06B-F951C337A499}.Debug|Any CPU.ActiveCfg = Debug|Any CPU
		{A475CEBB-E2B6-4454-A06B-F951C337A499}.Debug|Any CPU.Build.0 = Debug|Any CPU
		{A475CEBB-E2B6-4454-A06B-F951C337A499}.Release|Any CPU.ActiveCfg = Release|Any CPU
		{A475CEBB-E2B6-4454-A06B-F951C337A499}.Release|Any CPU.Build.0 = Release|Any CPU
		{C2846121-4D6C-4EA9-9607-75A66B4667CA}.Debug|Any CPU.ActiveCfg = Debug|Any CPU
		{C2846121-4D6C-4EA9-9607-75A66B4667CA}.Debug|Any CPU.Build.0 = Debug|Any CPU
		{C2846121-4D6C-4EA9-9607-75A66B4667CA}.Release|Any CPU.ActiveCfg = Release|Any CPU
		{C2846121-4D6C-4EA9-9607-75A66B4667CA}.Release|Any CPU.Build.0 = Release|Any CPU
	EndGlobalSection
	GlobalSection(SolutionProperties) = preSolution
		HideSolutionNode = FALSE
	EndGlobalSection
	GlobalSection(NestedProjects) = preSolution
		{1B758757-1CB1-4234-91C5-2887319493CA} = {80519370-BDA1-4AA1-BEDB-0D64AC78B4B0}
		{A1CB2061-61D5-4B3F-B218-779082CEFCFE} = {AB236D18-25CA-4EEC-A677-9F621F32FC3A}
		{43D33E3F-F4CE-4A1D-B92B-5028ACF0E300} = {58164AA8-0747-4C07-9C5F-56D79E3D6F3D}
		{D2F75629-D694-4DCE-9AB8-D421A6CE5A7C} = {26CC0547-E994-4828-B087-F63F0D685F06}
		{368E3BA3-BB99-47AF-9D2E-D638C9726B37} = {8FA2C4A5-EA3B-45BD-BC3D-85DEDFAA87D1}
		{27785843-8E4A-4D81-8339-BCC302A7CA76} = {973C97AE-0066-4FD1-AF91-69CDBA28BEF3}
		{06ACD1DE-E76A-4A97-B22A-E6AA5911A54E} = {F95181CE-2EB5-46C6-A4DB-F728DC9AEF55}
		{C3A91BF1-D555-4844-B706-9A6BAEFD32F4} = {73E5993C-F2D9-4755-A4B9-E900CA5FCDF5}
		{7E59AF3B-A697-4C89-8963-BC2028817A36} = {20042B3C-FFEB-4A70-A4C3-748D9030CF89}
		{B01B5E24-F9A0-466F-95C7-ACDDEF9CA9FF} = {269E1FDF-A036-4A52-91F9-3CEB7FCAA57A}
		{BE3A33AF-CB85-4060-B8BB-AAD61E49BB5E} = {C1116A59-B088-4FAA-88B7-09F95F86A210}
		{F3105995-687C-4F60-B887-1FFF7295C512} = {89638714-7832-4FC5-8CA2-E19F434DB3E9}
		{A475CEBB-E2B6-4454-A06B-F951C337A499} = {D6C23791-ECC8-4496-84FA-ECC64A6D3137}
		{C2846121-4D6C-4EA9-9607-75A66B4667CA} = {D6C23791-ECC8-4496-84FA-ECC64A6D3137}
	EndGlobalSection
	GlobalSection(ExtensibilityGlobals) = postSolution
		SolutionGuid = {E5537E06-9C21-44E4-B3D3-AE5F34656C2F}
	EndGlobalSection
EndGlobal
